
Microsoft Visual Studio Solution File, Format Version 12.00
# Visual Studio Version 17
VisualStudioVersion = 17.9.34902.65
MinimumVisualStudioVersion = 10.0.40219.1
Project("{FAE04EC0-301F-11D3-BF4B-00C04F79EFBC}") = "DashAccountingSystemV2", "DashAccountingSystemV2.csproj", "{7C0E3F73-F4F3-44B1-AEA9-3B8EA048BD32}"
EndProject
Global
	GlobalSection(SolutionConfigurationPlatforms) = preSolution
		Debug|Any CPU = Debug|Any CPU
		Release|Any CPU = Release|Any CPU
	EndGlobalSection
	GlobalSection(ProjectConfigurationPlatforms) = postSolution
		{7C0E3F73-F4F3-44B1-AEA9-3B8EA048BD32}.Debug|Any CPU.ActiveCfg = Debug|Any CPU
		{7C0E3F73-F4F3-44B1-AEA9-3B8EA048BD32}.Debug|Any CPU.Build.0 = Debug|Any CPU
		{7C0E3F73-F4F3-44B1-AEA9-3B8EA048BD32}.Release|Any CPU.ActiveCfg = Release|Any CPU
		{7C0E3F73-F4F3-44B1-AEA9-3B8EA048BD32}.Release|Any CPU.Build.0 = Release|Any CPU
	EndGlobalSection
	GlobalSection(SolutionProperties) = preSolution
		HideSolutionNode = FALSE
	EndGlobalSection
	GlobalSection(ExtensibilityGlobals) = postSolution
		SolutionGuid = {750B5CB9-C670-4BD0-8966-BBDBBE3B42CF}
	EndGlobalSection
EndGlobal
